{
  "name": "lokalmatador-root",
  "version": "1.0.0",
  "lockfileVersion": 3,
  "requires": true,
  "packages": {
    "": {
      "name": "lokalmatador-root",
      "version": "1.0.0",
      "devDependencies": {
        "sst": "latest",
        "typescript": "^5.0.0"
      }
    },
    "node_modules/aws4fetch": {
      "version": "1.0.18",
      "resolved": "https://registry.npmjs.org/aws4fetch/-/aws4fetch-1.0.18.tgz",
      "integrity": "sha512-3Cf+YaUl07p24MoQ46rFwulAmiyCwH2+1zw1ZyPAX5OtJ34Hh185DwB8y/qRLb6cYYYtSFJ9pthyLc0MD4e8sQ==",
      "dev": true,
      "license": "MIT"
    },
    "node_modules/jose": {
      "version": "5.2.3",
      "resolved": "https://registry.npmjs.org/jose/-/jose-5.2.3.tgz",
      "integrity": "sha512-KUXdbctm1uHVL8BYhnyHkgp3zDX5KW8ZhAKVFEfUbU2P8Alpzjb+48hHvjOdQIyPshoblhzsuqOwEEAbtHVirA==",
      "dev": true,
      "license": "MIT",
      "funding": {
        "url": "https://github.com/sponsors/panva"
      }
    },
    "node_modules/lru-cache": {
      "version": "6.0.0",
      "resolved": "https://registry.npmjs.org/lru-cache/-/lru-cache-6.0.0.tgz",
      "integrity": "sha512-Jo6dJ04CmSjuznwJSS3pUeWmd/H0ffTlkXXgwZi+eq1UCmqQwCh+eLsYOYCwY991i2Fah4h1BEMCx4qThGbsiA==",
      "dev": true,
      "license": "ISC",
      "dependencies": {
        "yallist": "^4.0.0"
      },
      "engines": {
        "node": ">=10"
      }
    },
    "node_modules/object-hash": {
      "version": "2.2.0",
      "resolved": "https://registry.npmjs.org/object-hash/-/object-hash-2.2.0.tgz",
      "integrity": "sha512-gScRMn0bS5fH+IuwyIFgnh9zBdo4DV+6GhygmWM9HyNJSgS0hScp1f5vjtm7oIIOiT9trXrShAkLFSc2IqKNgw==",
      "dev": true,
      "license": "MIT",
      "engines": {
        "node": ">= 6"
      }
    },
    "node_modules/oidc-token-hash": {
      "version": "5.2.0",
      "resolved": "https://registry.npmjs.org/oidc-token-hash/-/oidc-token-hash-5.2.0.tgz",
      "integrity": "sha512-6gj2m8cJZ+iSW8bm0FXdGF0YhIQbKrfP4yWTNzxc31U6MOjfEmB1rHvlYvxI1B7t7BCi1F2vYTT6YhtQRG4hxw==",
      "dev": true,
      "license": "MIT",
      "engines": {
        "node": "^10.13.0 || >=12.0.0"
      }
    },
    "node_modules/openid-client": {
      "version": "5.6.4",
      "resolved": "https://registry.npmjs.org/openid-client/-/openid-client-5.6.4.tgz",
      "integrity": "sha512-T1h3B10BRPKfcObdBklX639tVz+xh34O7GjofqrqiAQdm7eHsQ00ih18x6wuJ/E6FxdtS2u3FmUGPDeEcMwzNA==",
      "dev": true,
      "license": "MIT",
      "dependencies": {
        "jose": "^4.15.4",
        "lru-cache": "^6.0.0",
        "object-hash": "^2.2.0",
        "oidc-token-hash": "^5.0.3"
      },
      "funding": {
        "url": "https://github.com/sponsors/panva"
      }
    },
    "node_modules/openid-client/node_modules/jose": {
      "version": "4.15.9",
      "resolved": "https://registry.npmjs.org/jose/-/jose-4.15.9.tgz",
      "integrity": "sha512-1vUQX+IdDMVPj4k8kOxgUqlcK518yluMuGZwqlr44FS1ppZB/5GWh4rZG89erpOBOJjU/OBsnCVFfapsRz6nEA==",
      "dev": true,
      "license": "MIT",
      "funding": {
        "url": "https://github.com/sponsors/panva"
      }
    },
    "node_modules/sst": {
      "version": "4.3.2",
      "resolved": "https://registry.npmjs.org/sst/-/sst-4.3.2.tgz",
      "integrity": "sha512-sOHAo8qcib/28iwEQ7Sg9bUEJhWxvnOHbak+e28v0/Nrg4j5uYB0g+iWYqdea4CpSQyI1cTfVb0TNMdtEZBYMw==",
      "dev": true,
      "license": "MIT",
      "dependencies": {
        "aws4fetch": "1.0.18",
        "jose": "5.2.3",
        "openid-client": "5.6.4"
      },
      "bin": {
        "sst": "bin/sst.mjs"
      },
      "optionalDependencies": {
        "sst-darwin-arm64": "4.3.2",
        "sst-darwin-x64": "4.3.2",
        "sst-linux-arm64": "4.3.2",
        "sst-linux-x64": "4.3.2",
        "sst-linux-x86": "4.3.2",
        "sst-win32-arm64": "4.3.2",
        "sst-win32-x64": "4.3.2",
        "sst-win32-x86": "4.3.2"
      }
    },
    "node_modules/sst-darwin-arm64": {
      "version": "4.3.2",
      "resolved": "https://registry.npmjs.org/sst-darwin-arm64/-/sst-darwin-arm64-4.3.2.tgz",
      "integrity": "sha512-tdTl2CCDdH89h0hHEU/6ZD0S5TW7TM7QXkZOCmEJ/UALWw4CP9TcuKLib7u4fhHdMcDlmJMlbGrq3nci4ijZOg==",
      "cpu": [
        "arm64"
      ],
      "dev": true,
      "license": "MIT",
      "optional": true,
      "os": [
        "darwin"
      ]
    },
    "node_modules/sst-darwin-x64": {
      "version": "4.3.2",
      "resolved": "https://registry.npmjs.org/sst-darwin-x64/-/sst-darwin-x64-4.3.2.tgz",
      "integrity": "sha512-GVl+mG0A0N7JBo7KuCYHgjQfJOJOJCn5cjRkqbVMZsFkGy1te5MTxnU7hJOCuQQf9PF6SL58Sren2PKORe3/BQ==",
      "cpu": [
        "x64"
      ],
      "dev": true,
      "license": "MIT",
      "optional": true,
      "os": [
        "darwin"
      ]
    },
    "node_modules/sst-linux-arm64": {
      "version": "4.3.2",
      "resolved": "https://registry.npmjs.org/sst-linux-arm64/-/sst-linux-arm64-4.3.2.tgz",
      "integrity": "sha512-1unJ9W1GJeBcB1xFtOE83fdn2HKHlbJ/dc2OoDijLdWLgU298e/gqqSwJEZGzJCK2F1Jpgh9CFw5YffJEyKxyw==",
      "cpu": [
        "arm64"
      ],
      "dev": true,
      "license": "MIT",
      "optional": true,
      "os": [
        "linux"
      ]
    },
    "node_modules/sst-linux-x64": {
      "version": "4.3.2",
      "resolved": "https://registry.npmjs.org/sst-linux-x64/-/sst-linux-x64-4.3.2.tgz",
      "integrity": "sha512-4dD3BYRaoEybZ95Ae7CMktYR+/ryPqC98lONT9qcRf/IbIDbZ2r42zGdSVOi3fphyWgWqzKYDEJ8t0zdsygpzw==",
      "cpu": [
        "x64"
      ],
      "dev": true,
      "license": "MIT",
      "optional": true,
      "os": [
        "linux"
      ]
    },
    "node_modules/sst-linux-x86": {
      "version": "4.3.2",
      "resolved": "https://registry.npmjs.org/sst-linux-x86/-/sst-linux-x86-4.3.2.tgz",
      "integrity": "sha512-YQ1ovCeNj7wt5VeB2KKY1Qq+hEwIDhceXXPHIhhsF/cc8AbdwEPAgmwMhJQvLuP67AvZf1u2kbiiQcTmGp7QrA==",
      "cpu": [
        "x86"
      ],
      "dev": true,
      "license": "MIT",
      "optional": true,
      "os": [
        "linux"
      ]
    },
    "node_modules/sst-win32-arm64": {
      "version": "4.3.2",
      "resolved": "https://registry.npmjs.org/sst-win32-arm64/-/sst-win32-arm64-4.3.2.tgz",
      "integrity": "sha512-ZI7MbY4x+Mvk1XpkhohhPxZju3W62IKmHkwMQ8mSCp1iEXMSCLZZY2N15eYv+srvgApnwRWE6snS4YQm4XLmww==",
      "cpu": [
        "arm64"
      ],
      "dev": true,
      "license": "MIT",
      "optional": true,
      "os": [
        "win32"
      ]
    },
    "node_modules/sst-win32-x64": {
      "version": "4.3.2",
      "resolved": "https://registry.npmjs.org/sst-win32-x64/-/sst-win32-x64-4.3.2.tgz",
      "integrity": "sha512-gjWR3/zB/Mxi6awJ5Pg9xDpUk1qaFSsOaiimmEwi7OGjjWQbHOK1vBez8wCsnhjCnxK+Iinu7tcDpnOLLy+Jiw==",
      "cpu": [
        "x64"
      ],
      "dev": true,
      "license": "MIT",
      "optional": true,
      "os": [
        "win32"
      ]
    },
    "node_modules/sst-win32-x86": {
      "version": "4.3.2",
      "resolved": "https://registry.npmjs.org/sst-win32-x86/-/sst-win32-x86-4.3.2.tgz",
      "integrity": "sha512-jLpOnYQ7BmWlxPGSQwCD9RTl9uDKzz9erAmsd4osM9WeuAviJ/VCnIDBPljx/wRMCa90F5J4M1IzF7R8924CVw==",
      "cpu": [
        "x86"
      ],
      "dev": true,
      "license": "MIT",
      "optional": true,
      "os": [
        "win32"
      ]
    },
    "node_modules/typescript": {
      "version": "5.9.3",
      "resolved": "https://registry.npmjs.org/typescript/-/typescript-5.9.3.tgz",
      "integrity": "sha512-jl1vZzPDinLr9eUt3J/t7V6FgNEw9QjvBPdysz9KfQDD41fQrC2Y4vKQdiaUpFT4bXlb1RHhLpp8wtm6M5TgSw==",
      "dev": true,
      "license": "Apache-2.0",
      "bin": {
        "tsc": "bin/tsc",
        "tsserver": "bin/tsserver"
      },
      "engines": {
        "node": ">=14.17"
      }
    },
    "node_modules/yallist": {
      "version": "4.0.0",
      "resolved": "https://registry.npmjs.org/yallist/-/yallist-4.0.0.tgz",
      "integrity": "sha512-3wdGidZyq5PB084XLES5TpOSRA3wjXAlIWMhum2kRcv/41Sn2emQ0dycQW4uZXLejwKvg6EsvbdlVL+FYEct7A==",
      "dev": true,
      "license": "ISC"
    }
  }
}
